
Microsoft Visual Studio Solution File, Format Version 12.00
# Visual Studio Version 17
VisualStudioVersion = 17.3.32901.215
MinimumVisualStudioVersion = 10.0.40219.1
Project("{FAE04EC0-301F-11D3-BF4B-00C04F79EFBC}") = "ConsoleApp19", "ConsoleApp19.csproj", "{10E4749E-F4A6-4B68-8824-7FBE2416440A}"
EndProject
Global
	GlobalSection(SolutionConfigurationPlatforms) = preSolution
		Debug|Any CPU = Debug|Any CPU
		Release|Any CPU = Release|Any CPU
	EndGlobalSection
	GlobalSection(ProjectConfigurationPlatforms) = postSolution
		{10E4749E-F4A6-4B68-8824-7FBE2416440A}.Debug|Any CPU.ActiveCfg = Debug|Any CPU
		{10E4749E-F4A6-4B68-8824-7FBE2416440A}.Debug|Any CPU.Build.0 = Debug|Any CPU
		{10E4749E-F4A6-4B68-8824-7FBE2416440A}.Release|Any CPU.ActiveCfg = Release|Any CPU
		{10E4749E-F4A6-4B68-8824-7FBE2416440A}.Release|Any CPU.Build.0 = Release|Any CPU
	EndGlobalSection
	GlobalSection(SolutionProperties) = preSolution
		HideSolutionNode = FALSE
	EndGlobalSection
	GlobalSection(ExtensibilityGlobals) = postSolution
		SolutionGuid = {06BE27AB-255D-4B99-B7A2-46A4E887B980}
	EndGlobalSection
EndGlobal
